
Microsoft Visual Studio Solution File, Format Version 12.00
# Visual Studio Version 17
VisualStudioVersion = 17.0.31903.59
MinimumVisualStudioVersion = 10.0.40219.1
Project("{2150E333-8FDC-42A3-9474-1A3956D46DE8}") = "src", "src", "{ECFFE9F9-36A7-451E-A9E0-4C65C60FE1D3}"
EndProject
Project("{2150E333-8FDC-42A3-9474-1A3956D46DE8}") = "Identity", "Identity", "{E9F13798-C691-4E2B-B14D-2396C7C6EEC9}"
EndProject
Project("{FAE04EC0-301F-11D3-BF4B-00C04F79EFBC}") = "Identity.Api", "src\Identity\Identity.Api\Identity.Api.csproj", "{0E8947B6-4012-4064-8006-FD63C35EF5D8}"
EndProject
Project("{FAE04EC0-301F-11D3-BF4B-00C04F79EFBC}") = "Identity.Application", "src\Identity\Identity.Application\Identity.Application.csproj", "{B62E8027-9E09-43CA-A26C-65342EB01840}"
EndProject
Project("{FAE04EC0-301F-11D3-BF4B-00C04F79EFBC}") = "Identity.Domain", "src\Identity\Identity.Domain\Identity.Domain.csproj", "{FF87614F-6EE7-4995-AAA2-BA2238722926}"
EndProject
Project("{FAE04EC0-301F-11D3-BF4B-00C04F79EFBC}") = "Identity.Infrastructure", "src\Identity\Identity.Infrastructure\Identity.Infrastructure.csproj", "{F9867B99-EF0D-4E4F-96E0-D293699FBB95}"
EndProject
Project("{2150E333-8FDC-42A3-9474-1A3956D46DE8}") = "Notification", "Notification", "{9DAA6A31-B7F1-4EFE-A209-44271725455E}"
EndProject
Project("{FAE04EC0-301F-11D3-BF4B-00C04F79EFBC}") = "Notification.Api", "src\Notification\Notification.Api\Notification.Api.csproj", "{36C2226E-F915-4CDC-B0F7-7F730FCB946D}"
EndProject
Project("{FAE04EC0-301F-11D3-BF4B-00C04F79EFBC}") = "Notification.Application", "src\Notification\Notification.Application\Notification.Application.csproj", "{E2B614D6-2F76-4302-895B-588FEE501D4F}"
EndProject
Project("{FAE04EC0-301F-11D3-BF4B-00C04F79EFBC}") = "Notification.Domain", "src\Notification\Notification.Domain\Notification.Domain.csproj", "{C1FB2D01-D02B-4D33-8C47-AAFA21C6F10A}"
EndProject
Project("{FAE04EC0-301F-11D3-BF4B-00C04F79EFBC}") = "Notification.Infrastructure", "src\Notification\Notification.Infrastructure\Notification.Infrastructure.csproj", "{A0A0ECD1-5DE2-43B6-A9E4-9DDD22E2F256}"
EndProject
Project("{2150E333-8FDC-42A3-9474-1A3956D46DE8}") = "Origination", "Origination", "{A75A7404-AA99-41F8-8D48-97E2F9BCA21C}"
EndProject
Project("{FAE04EC0-301F-11D3-BF4B-00C04F79EFBC}") = "Origination.Api", "src\Origination\Origination.Api\Origination.Api.csproj", "{631A3500-8400-49CB-82B1-17E20C8A0A5F}"
EndProject
Project("{FAE04EC0-301F-11D3-BF4B-00C04F79EFBC}") = "Origination.Application", "src\Origination\Origination.Application\Origination.Application.csproj", "{9CDA1D09-336F-4BA9-845F-28843BA93563}"
EndProject
Project("{FAE04EC0-301F-11D3-BF4B-00C04F79EFBC}") = "Origination.Domain", "src\Origination\Origination.Domain\Origination.Domain.csproj", "{77AFC593-4187-4C98-9219-4EBA12FDC912}"
EndProject
Project("{FAE04EC0-301F-11D3-BF4B-00C04F79EFBC}") = "Origination.Infrastructure", "src\Origination\Origination.Infrastructure\Origination.Infrastructure.csproj", "{25A6F61B-C288-48BE-A2A4-6437FA44CFC6}"
EndProject
Project("{2150E333-8FDC-42A3-9474-1A3956D46DE8}") = "Payment", "Payment", "{4E323B21-E708-4CE0-AA79-383983C71913}"
EndProject
Project("{FAE04EC0-301F-11D3-BF4B-00C04F79EFBC}") = "Payment.Api", "src\Payment\Payment.Api\Payment.Api.csproj", "{C41209BA-F045-4522-975B-856564933D1C}"
EndProject
Project("{FAE04EC0-301F-11D3-BF4B-00C04F79EFBC}") = "Payment.Application", "src\Payment\Payment.Application\Payment.Application.csproj", "{6C1B49F3-B6EA-4C40-83ED-64855FCC141C}"
EndProject
Project("{FAE04EC0-301F-11D3-BF4B-00C04F79EFBC}") = "Payment.Domain", "src\Payment\Payment.Domain\Payment.Domain.csproj", "{E62B7BBA-B398-4C10-B549-21382C478B0C}"
EndProject
Project("{FAE04EC0-301F-11D3-BF4B-00C04F79EFBC}") = "Payment.Infrastructure", "src\Payment\Payment.Infrastructure\Payment.Infrastructure.csproj", "{96D9A475-FE43-4889-BCD1-B8C75ED85CE2}"
EndProject
Project("{2150E333-8FDC-42A3-9474-1A3956D46DE8}") = "Shared", "Shared", "{E4F1CA45-4F76-43D2-84C1-498B1CAB87AB}"
EndProject
Project("{FAE04EC0-301F-11D3-BF4B-00C04F79EFBC}") = "Broker.Hosting", "src\Shared\Broker.Hosting\Broker.Hosting.csproj", "{C563CA28-E6FF-48FB-B3DB-A869A6A70453}"
EndProject
Project("{2150E333-8FDC-42A3-9474-1A3956D46DE8}") = "tests", "tests", "{CFD1D87D-0F66-4E27-8815-243E236C6A53}"
EndProject
Project("{2150E333-8FDC-42A3-9474-1A3956D46DE8}") = "Identity", "Identity", "{F0E25DC5-13F8-4353-BBD3-CA7C6D30D205}"
EndProject
Project("{FAE04EC0-301F-11D3-BF4B-00C04F79EFBC}") = "Identity.Application.Tests", "tests\Identity\Identity.Application.Tests\Identity.Application.Tests.csproj", "{94BCAAAA-86AB-47B3-ABAD-668CC3F7006B}"
EndProject
Project("{2150E333-8FDC-42A3-9474-1A3956D46DE8}") = "Notification", "Notification", "{E382723E-E1BC-42B1-AED7-B568D1EFD436}"
EndProject
Project("{FAE04EC0-301F-11D3-BF4B-00C04F79EFBC}") = "Notification.Application.Tests", "tests\Notification\Notification.Application.Tests\Notification.Application.Tests.csproj", "{6A6F5D0E-C082-4105-B954-E99B4CBC2383}"
EndProject
Project("{2150E333-8FDC-42A3-9474-1A3956D46DE8}") = "Origination", "Origination", "{BC525104-0712-4B80-836F-EE1F7AC8A9CE}"
EndProject
Project("{FAE04EC0-301F-11D3-BF4B-00C04F79EFBC}") = "Origination.Application.Tests", "tests\Origination\Origination.Application.Tests\Origination.Application.Tests.csproj", "{442DFD5A-6FC3-4BBC-BCE7-8D76296C374F}"
EndProject
Project("{2150E333-8FDC-42A3-9474-1A3956D46DE8}") = "Payment", "Payment", "{F3F30440-00AD-4B2F-B058-FA130ACF2B27}"
EndProject
Project("{FAE04EC0-301F-11D3-BF4B-00C04F79EFBC}") = "Payment.Application.Tests", "tests\Payment\Payment.Application.Tests\Payment.Application.Tests.csproj", "{210B10EF-1AAA-42C2-9E85-1D82F893A7F5}"
EndProject
Project("{2150E333-8FDC-42A3-9474-1A3956D46DE8}") = "Document", "Document", "{B3DCB4B4-2566-4733-9BCF-6C2C0D2DDF87}"
EndProject
Project("{FAE04EC0-301F-11D3-BF4B-00C04F79EFBC}") = "Document.Domain", "src\Document\Document.Domain\Document.Domain.csproj", "{E7B6D34C-C61C-4A30-9B95-370D8F776527}"
EndProject
Project("{FAE04EC0-301F-11D3-BF4B-00C04F79EFBC}") = "Document.Application", "src\Document\Document.Application\Document.Application.csproj", "{16FD190F-27A9-4DA4-9CF1-7DDDB51DB3FA}"
EndProject
Project("{FAE04EC0-301F-11D3-BF4B-00C04F79EFBC}") = "Document.Infrastructure", "src\Document\Document.Infrastructure\Document.Infrastructure.csproj", "{251DC770-3A17-4B71-905F-77440930FB1C}"
EndProject
Project("{FAE04EC0-301F-11D3-BF4B-00C04F79EFBC}") = "Document.Api", "src\Document\Document.Api\Document.Api.csproj", "{CC8EDB4E-11C5-492B-9F84-B1992308115A}"
EndProject
Project("{2150E333-8FDC-42A3-9474-1A3956D46DE8}") = "Document", "Document", "{0C06C542-4317-4BC6-AAC8-C9608C5BBB34}"
EndProject
Project("{FAE04EC0-301F-11D3-BF4B-00C04F79EFBC}") = "Document.Application.Tests", "tests\Document\Document.Application.Tests\Document.Application.Tests.csproj", "{F55893B7-76C8-4490-BDEE-D344F4801E31}"
EndProject
Project("{2150E333-8FDC-42A3-9474-1A3956D46DE8}") = "Audit", "Audit", "{6EB7EBD5-B7A0-4661-BE4F-BE08D27CDB4C}"
EndProject
Project("{FAE04EC0-301F-11D3-BF4B-00C04F79EFBC}") = "Audit.Domain", "src\Audit\Audit.Domain\Audit.Domain.csproj", "{4086D581-8A4C-46F6-AF7A-4D653380FCB1}"
EndProject
Project("{FAE04EC0-301F-11D3-BF4B-00C04F79EFBC}") = "Audit.Application", "src\Audit\Audit.Application\Audit.Application.csproj", "{7E16D0A7-99B4-478E-8E12-DB2CDB6BADB9}"
EndProject
Project("{FAE04EC0-301F-11D3-BF4B-00C04F79EFBC}") = "Audit.Infrastructure", "src\Audit\Audit.Infrastructure\Audit.Infrastructure.csproj", "{DED0DB88-544E-41F6-B58D-98C16D3360C3}"
EndProject
Project("{FAE04EC0-301F-11D3-BF4B-00C04F79EFBC}") = "Audit.Api", "src\Audit\Audit.Api\Audit.Api.csproj", "{210BB73C-0512-468F-B2B0-4BDC19CD7818}"
EndProject
Global
	GlobalSection(SolutionConfigurationPlatforms) = preSolution
		Debug|Any CPU = Debug|Any CPU
		Release|Any CPU = Release|Any CPU
	EndGlobalSection
	GlobalSection(SolutionProperties) = preSolution
		HideSolutionNode = FALSE
	EndGlobalSection
	GlobalSection(ProjectConfigurationPlatforms) = postSolution
		{0E8947B6-4012-4064-8006-FD63C35EF5D8}.Debug|Any CPU.ActiveCfg = Debug|Any CPU
		{0E8947B6-4012-4064-8006-FD63C35EF5D8}.Debug|Any CPU.Build.0 = Debug|Any CPU
		{0E8947B6-4012-4064-8006-FD63C35EF5D8}.Release|Any CPU.ActiveCfg = Release|Any CPU
		{0E8947B6-4012-4064-8006-FD63C35EF5D8}.Release|Any CPU.Build.0 = Release|Any CPU
		{B62E8027-9E09-43CA-A26C-65342EB01840}.Debug|Any CPU.ActiveCfg = Debug|Any CPU
		{B62E8027-9E09-43CA-A26C-65342EB01840}.Debug|Any CPU.Build.0 = Debug|Any CPU
		{B62E8027-9E09-43CA-A26C-65342EB01840}.Release|Any CPU.ActiveCfg = Release|Any CPU
		{B62E8027-9E09-43CA-A26C-65342EB01840}.Release|Any CPU.Build.0 = Release|Any CPU
		{FF87614F-6EE7-4995-AAA2-BA2238722926}.Debug|Any CPU.ActiveCfg = Debug|Any CPU
		{FF87614F-6EE7-4995-AAA2-BA2238722926}.Debug|Any CPU.Build.0 = Debug|Any CPU
		{FF87614F-6EE7-4995-AAA2-BA2238722926}.Release|Any CPU.ActiveCfg = Release|Any CPU
		{FF87614F-6EE7-4995-AAA2-BA2238722926}.Release|Any CPU.Build.0 = Release|Any CPU
		{F9867B99-EF0D-4E4F-96E0-D293699FBB95}.Debug|Any CPU.ActiveCfg = Debug|Any CPU
		{F9867B99-EF0D-4E4F-96E0-D293699FBB95}.Debug|Any CPU.Build.0 = Debug|Any CPU
		{F9867B99-EF0D-4E4F-96E0-D293699FBB95}.Release|Any CPU.ActiveCfg = Release|Any CPU
		{F9867B99-EF0D-4E4F-96E0-D293699FBB95}.Release|Any CPU.Build.0 = Release|Any CPU
		{36C2226E-F915-4CDC-B0F7-7F730FCB946D}.Debug|Any CPU.ActiveCfg = Debug|Any CPU
		{36C2226E-F915-4CDC-B0F7-7F730FCB946D}.Debug|Any CPU.Build.0 = Debug|Any CPU
		{36C2226E-F915-4CDC-B0F7-7F730FCB946D}.Release|Any CPU.ActiveCfg = Release|Any CPU
		{36C2226E-F915-4CDC-B0F7-7F730FCB946D}.Release|Any CPU.Build.0 = Release|Any CPU
		{E2B614D6-2F76-4302-895B-588FEE501D4F}.Debug|Any CPU.ActiveCfg = Debug|Any CPU
		{E2B614D6-2F76-4302-895B-588FEE501D4F}.Debug|Any CPU.Build.0 = Debug|Any CPU
		{E2B614D6-2F76-4302-895B-588FEE501D4F}.Release|Any CPU.ActiveCfg = Release|Any CPU
		{E2B614D6-2F76-4302-895B-588FEE501D4F}.Release|Any CPU.Build.0 = Release|Any CPU
		{C1FB2D01-D02B-4D33-8C47-AAFA21C6F10A}.Debug|Any CPU.ActiveCfg = Debug|Any CPU
		{C1FB2D01-D02B-4D33-8C47-AAFA21C6F10A}.Debug|Any CPU.Build.0 = Debug|Any CPU
		{C1FB2D01-D02B-4D33-8C47-AAFA21C6F10A}.Release|Any CPU.ActiveCfg = Release|Any CPU
		{C1FB2D01-D02B-4D33-8C47-AAFA21C6F10A}.Release|Any CPU.Build.0 = Release|Any CPU
		{A0A0ECD1-5DE2-43B6-A9E4-9DDD22E2F256}.Debug|Any CPU.ActiveCfg = Debug|Any CPU
		{A0A0ECD1-5DE2-43B6-A9E4-9DDD22E2F256}.Debug|Any CPU.Build.0 = Debug|Any CPU
		{A0A0ECD1-5DE2-43B6-A9E4-9DDD22E2F256}.Release|Any CPU.ActiveCfg = Release|Any CPU
		{A0A0ECD1-5DE2-43B6-A9E4-9DDD22E2F256}.Release|Any CPU.Build.0 = Release|Any CPU
		{631A3500-8400-49CB-82B1-17E20C8A0A5F}.Debug|Any CPU.ActiveCfg = Debug|Any CPU
		{631A3500-8400-49CB-82B1-17E20C8A0A5F}.Debug|Any CPU.Build.0 = Debug|Any CPU
		{631A3500-8400-49CB-82B1-17E20C8A0A5F}.Release|Any CPU.ActiveCfg = Release|Any CPU
		{631A3500-8400-49CB-82B1-17E20C8A0A5F}.Release|Any CPU.Build.0 = Release|Any CPU
		{9CDA1D09-336F-4BA9-845F-28843BA93563}.Debug|Any CPU.ActiveCfg = Debug|Any CPU
		{9CDA1D09-336F-4BA9-845F-28843BA93563}.Debug|Any CPU.Build.0 = Debug|Any CPU
		{9CDA1D09-336F-4BA9-845F-28843BA93563}.Release|Any CPU.ActiveCfg = Release|Any CPU
		{9CDA1D09-336F-4BA9-845F-28843BA93563}.Release|Any CPU.Build.0 = Release|Any CPU
		{77AFC593-4187-4C98-9219-4EBA12FDC912}.Debug|Any CPU.ActiveCfg = Debug|Any CPU
		{77AFC593-4187-4C98-9219-4EBA12FDC912}.Debug|Any CPU.Build.0 = Debug|Any CPU
		{77AFC593-4187-4C98-9219-4EBA12FDC912}.Release|Any CPU.ActiveCfg = Release|Any CPU
		{77AFC593-4187-4C98-9219-4EBA12FDC912}.Release|Any CPU.Build.0 = Release|Any CPU
		{25A6F61B-C288-48BE-A2A4-6437FA44CFC6}.Debug|Any CPU.ActiveCfg = Debug|Any CPU
		{25A6F61B-C288-48BE-A2A4-6437FA44CFC6}.Debug|Any CPU.Build.0 = Debug|Any CPU
		{25A6F61B-C288-48BE-A2A4-6437FA44CFC6}.Release|Any CPU.ActiveCfg = Release|Any CPU
		{25A6F61B-C288-48BE-A2A4-6437FA44CFC6}.Release|Any CPU.Build.0 = Release|Any CPU
		{C41209BA-F045-4522-975B-856564933D1C}.Debug|Any CPU.ActiveCfg = Debug|Any CPU
		{C41209BA-F045-4522-975B-856564933D1C}.Debug|Any CPU.Build.0 = Debug|Any CPU
		{C41209BA-F045-4522-975B-856564933D1C}.Release|Any CPU.ActiveCfg = Release|Any CPU
		{C41209BA-F045-4522-975B-856564933D1C}.Release|Any CPU.Build.0 = Release|Any CPU
		{6C1B49F3-B6EA-4C40-83ED-64855FCC141C}.Debug|Any CPU.ActiveCfg = Debug|Any CPU
		{6C1B49F3-B6EA-4C40-83ED-64855FCC141C}.Debug|Any CPU.Build.0 = Debug|Any CPU
		{6C1B49F3-B6EA-4C40-83ED-64855FCC141C}.Release|Any CPU.ActiveCfg = Release|Any CPU
		{6C1B49F3-B6EA-4C40-83ED-64855FCC141C}.Release|Any CPU.Build.0 = Release|Any CPU
		{E62B7BBA-B398-4C10-B549-21382C478B0C}.Debug|Any CPU.ActiveCfg = Debug|Any CPU
		{E62B7BBA-B398-4C10-B549-21382C478B0C}.Debug|Any CPU.Build.0 = Debug|Any CPU
		{E62B7BBA-B398-4C10-B549-21382C478B0C}.Release|Any CPU.ActiveCfg = Release|Any CPU
		{E62B7BBA-B398-4C10-B549-21382C478B0C}.Release|Any CPU.Build.0 = Release|Any CPU
		{96D9A475-FE43-4889-BCD1-B8C75ED85CE2}.Debug|Any CPU.ActiveCfg = Debug|Any CPU
		{96D9A475-FE43-4889-BCD1-B8C75ED85CE2}.Debug|Any CPU.Build.0 = Debug|Any CPU
		{96D9A475-FE43-4889-BCD1-B8C75ED85CE2}.Release|Any CPU.ActiveCfg = Release|Any CPU
		{96D9A475-FE43-4889-BCD1-B8C75ED85CE2}.Release|Any CPU.Build.0 = Release|Any CPU
		{C563CA28-E6FF-48FB-B3DB-A869A6A70453}.Debug|Any CPU.ActiveCfg = Debug|Any CPU
		{C563CA28-E6FF-48FB-B3DB-A869A6A70453}.Debug|Any CPU.Build.0 = Debug|Any CPU
		{C563CA28-E6FF-48FB-B3DB-A869A6A70453}.Release|Any CPU.ActiveCfg = Release|Any CPU
		{C563CA28-E6FF-48FB-B3DB-A869A6A70453}.Release|Any CPU.Build.0 = Release|Any CPU
		{94BCAAAA-86AB-47B3-ABAD-668CC3F7006B}.Debug|Any CPU.ActiveCfg = Debug|Any CPU
		{94BCAAAA-86AB-47B3-ABAD-668CC3F7006B}.Debug|Any CPU.Build.0 = Debug|Any CPU
		{94BCAAAA-86AB-47B3-ABAD-668CC3F7006B}.Release|Any CPU.ActiveCfg = Release|Any CPU
		{94BCAAAA-86AB-47B3-ABAD-668CC3F7006B}.Release|Any CPU.Build.0 = Release|Any CPU
		{6A6F5D0E-C082-4105-B954-E99B4CBC2383}.Debug|Any CPU.ActiveCfg = Debug|Any CPU
		{6A6F5D0E-C082-4105-B954-E99B4CBC2383}.Debug|Any CPU.Build.0 = Debug|Any CPU
		{6A6F5D0E-C082-4105-B954-E99B4CBC2383}.Release|Any CPU.ActiveCfg = Release|Any CPU
		{6A6F5D0E-C082-4105-B954-E99B4CBC2383}.Release|Any CPU.Build.0 = Release|Any CPU
		{442DFD5A-6FC3-4BBC-BCE7-8D76296C374F}.Debug|Any CPU.ActiveCfg = Debug|Any CPU
		{442DFD5A-6FC3-4BBC-BCE7-8D76296C374F}.Debug|Any CPU.Build.0 = Debug|Any CPU
		{442DFD5A-6FC3-4BBC-BCE7-8D76296C374F}.Release|Any CPU.ActiveCfg = Release|Any CPU
		{442DFD5A-6FC3-4BBC-BCE7-8D76296C374F}.Release|Any CPU.Build.0 = Release|Any CPU
		{210B10EF-1AAA-42C2-9E85-1D82F893A7F5}.Debug|Any CPU.ActiveCfg = Debug|Any CPU
		{210B10EF-1AAA-42C2-9E85-1D82F893A7F5}.Debug|Any CPU.Build.0 = Debug|Any CPU
		{210B10EF-1AAA-42C2-9E85-1D82F893A7F5}.Release|Any CPU.ActiveCfg = Release|Any CPU
		{210B10EF-1AAA-42C2-9E85-1D82F893A7F5}.Release|Any CPU.Build.0 = Release|Any CPU
		{E7B6D34C-C61C-4A30-9B95-370D8F776527}.Debug|Any CPU.ActiveCfg = Debug|Any CPU
		{E7B6D34C-C61C-4A30-9B95-370D8F776527}.Debug|Any CPU.Build.0 = Debug|Any CPU
		{E7B6D34C-C61C-4A30-9B95-370D8F776527}.Release|Any CPU.ActiveCfg = Release|Any CPU
		{E7B6D34C-C61C-4A30-9B95-370D8F776527}.Release|Any CPU.Build.0 = Release|Any CPU
		{16FD190F-27A9-4DA4-9CF1-7DDDB51DB3FA}.Debug|Any CPU.ActiveCfg = Debug|Any CPU
		{16FD190F-27A9-4DA4-9CF1-7DDDB51DB3FA}.Debug|Any CPU.Build.0 = Debug|Any CPU
		{16FD190F-27A9-4DA4-9CF1-7DDDB51DB3FA}.Release|Any CPU.ActiveCfg = Release|Any CPU
		{16FD190F-27A9-4DA4-9CF1-7DDDB51DB3FA}.Release|Any CPU.Build.0 = Release|Any CPU
		{251DC770-3A17-4B71-905F-77440930FB1C}.Debug|Any CPU.ActiveCfg = Debug|Any CPU
		{251DC770-3A17-4B71-905F-77440930FB1C}.Debug|Any CPU.Build.0 = Debug|Any CPU
		{251DC770-3A17-4B71-905F-77440930FB1C}.Release|Any CPU.ActiveCfg = Release|Any CPU
		{251DC770-3A17-4B71-905F-77440930FB1C}.Release|Any CPU.Build.0 = Release|Any CPU
		{CC8EDB4E-11C5-492B-9F84-B1992308115A}.Debug|Any CPU.ActiveCfg = Debug|Any CPU
		{CC8EDB4E-11C5-492B-9F84-B1992308115A}.Debug|Any CPU.Build.0 = Debug|Any CPU
		{CC8EDB4E-11C5-492B-9F84-B1992308115A}.Release|Any CPU.ActiveCfg = Release|Any CPU
		{CC8EDB4E-11C5-492B-9F84-B1992308115A}.Release|Any CPU.Build.0 = Release|Any CPU
		{F55893B7-76C8-4490-BDEE-D344F4801E31}.Debug|Any CPU.ActiveCfg = Debug|Any CPU
		{F55893B7-76C8-4490-BDEE-D344F4801E31}.Debug|Any CPU.Build.0 = Debug|Any CPU
		{F55893B7-76C8-4490-BDEE-D344F4801E31}.Release|Any CPU.ActiveCfg = Release|Any CPU
		{F55893B7-76C8-4490-BDEE-D344F4801E31}.Release|Any CPU.Build.0 = Release|Any CPU
		{4086D581-8A4C-46F6-AF7A-4D653380FCB1}.Debug|Any CPU.ActiveCfg = Debug|Any CPU
		{4086D581-8A4C-46F6-AF7A-4D653380FCB1}.Debug|Any CPU.Build.0 = Debug|Any CPU
		{4086D581-8A4C-46F6-AF7A-4D653380FCB1}.Release|Any CPU.ActiveCfg = Release|Any CPU
		{4086D581-8A4C-46F6-AF7A-4D653380FCB1}.Release|Any CPU.Build.0 = Release|Any CPU
		{7E16D0A7-99B4-478E-8E12-DB2CDB6BADB9}.Debug|Any CPU.ActiveCfg = Debug|Any CPU
		{7E16D0A7-99B4-478E-8E12-DB2CDB6BADB9}.Debug|Any CPU.Build.0 = Debug|Any CPU
		{7E16D0A7-99B4-478E-8E12-DB2CDB6BADB9}.Release|Any CPU.ActiveCfg = Release|Any CPU
		{7E16D0A7-99B4-478E-8E12-DB2CDB6BADB9}.Release|Any CPU.Build.0 = Release|Any CPU
		{DED0DB88-544E-41F6-B58D-98C16D3360C3}.Debug|Any CPU.ActiveCfg = Debug|Any CPU
		{DED0DB88-544E-41F6-B58D-98C16D3360C3}.Debug|Any CPU.Build.0 = Debug|Any CPU
		{DED0DB88-544E-41F6-B58D-98C16D3360C3}.Release|Any CPU.ActiveCfg = Release|Any CPU
		{DED0DB88-544E-41F6-B58D-98C16D3360C3}.Release|Any CPU.Build.0 = Release|Any CPU
		{210BB73C-0512-468F-B2B0-4BDC19CD7818}.Debug|Any CPU.ActiveCfg = Debug|Any CPU
		{210BB73C-0512-468F-B2B0-4BDC19CD7818}.Debug|Any CPU.Build.0 = Debug|Any CPU
		{210BB73C-0512-468F-B2B0-4BDC19CD7818}.Release|Any CPU.ActiveCfg = Release|Any CPU
		{210BB73C-0512-468F-B2B0-4BDC19CD7818}.Release|Any CPU.Build.0 = Release|Any CPU
	EndGlobalSection
	GlobalSection(NestedProjects) = preSolution
		{E9F13798-C691-4E2B-B14D-2396C7C6EEC9} = {ECFFE9F9-36A7-451E-A9E0-4C65C60FE1D3}
		{0E8947B6-4012-4064-8006-FD63C35EF5D8} = {E9F13798-C691-4E2B-B14D-2396C7C6EEC9}
		{B62E8027-9E09-43CA-A26C-65342EB01840} = {E9F13798-C691-4E2B-B14D-2396C7C6EEC9}
		{FF87614F-6EE7-4995-AAA2-BA2238722926} = {E9F13798-C691-4E2B-B14D-2396C7C6EEC9}
		{F9867B99-EF0D-4E4F-96E0-D293699FBB95} = {E9F13798-C691-4E2B-B14D-2396C7C6EEC9}
		{9DAA6A31-B7F1-4EFE-A209-44271725455E} = {ECFFE9F9-36A7-451E-A9E0-4C65C60FE1D3}
		{36C2226E-F915-4CDC-B0F7-7F730FCB946D} = {9DAA6A31-B7F1-4EFE-A209-44271725455E}
		{E2B614D6-2F76-4302-895B-588FEE501D4F} = {9DAA6A31-B7F1-4EFE-A209-44271725455E}
		{C1FB2D01-D02B-4D33-8C47-AAFA21C6F10A} = {9DAA6A31-B7F1-4EFE-A209-44271725455E}
		{A0A0ECD1-5DE2-43B6-A9E4-9DDD22E2F256} = {9DAA6A31-B7F1-4EFE-A209-44271725455E}
		{A75A7404-AA99-41F8-8D48-97E2F9BCA21C} = {ECFFE9F9-36A7-451E-A9E0-4C65C60FE1D3}
		{631A3500-8400-49CB-82B1-17E20C8A0A5F} = {A75A7404-AA99-41F8-8D48-97E2F9BCA21C}
		{9CDA1D09-336F-4BA9-845F-28843BA93563} = {A75A7404-AA99-41F8-8D48-97E2F9BCA21C}
		{77AFC593-4187-4C98-9219-4EBA12FDC912} = {A75A7404-AA99-41F8-8D48-97E2F9BCA21C}
		{25A6F61B-C288-48BE-A2A4-6437FA44CFC6} = {A75A7404-AA99-41F8-8D48-97E2F9BCA21C}
		{4E323B21-E708-4CE0-AA79-383983C71913} = {ECFFE9F9-36A7-451E-A9E0-4C65C60FE1D3}
		{C41209BA-F045-4522-975B-856564933D1C} = {4E323B21-E708-4CE0-AA79-383983C71913}
		{6C1B49F3-B6EA-4C40-83ED-64855FCC141C} = {4E323B21-E708-4CE0-AA79-383983C71913}
		{E62B7BBA-B398-4C10-B549-21382C478B0C} = {4E323B21-E708-4CE0-AA79-383983C71913}
		{96D9A475-FE43-4889-BCD1-B8C75ED85CE2} = {4E323B21-E708-4CE0-AA79-383983C71913}
		{E4F1CA45-4F76-43D2-84C1-498B1CAB87AB} = {ECFFE9F9-36A7-451E-A9E0-4C65C60FE1D3}
		{C563CA28-E6FF-48FB-B3DB-A869A6A70453} = {E4F1CA45-4F76-43D2-84C1-498B1CAB87AB}
		{F0E25DC5-13F8-4353-BBD3-CA7C6D30D205} = {CFD1D87D-0F66-4E27-8815-243E236C6A53}
		{94BCAAAA-86AB-47B3-ABAD-668CC3F7006B} = {F0E25DC5-13F8-4353-BBD3-CA7C6D30D205}
		{E382723E-E1BC-42B1-AED7-B568D1EFD436} = {CFD1D87D-0F66-4E27-8815-243E236C6A53}
		{6A6F5D0E-C082-4105-B954-E99B4CBC2383} = {E382723E-E1BC-42B1-AED7-B568D1EFD436}
		{BC525104-0712-4B80-836F-EE1F7AC8A9CE} = {CFD1D87D-0F66-4E27-8815-243E236C6A53}
		{442DFD5A-6FC3-4BBC-BCE7-8D76296C374F} = {BC525104-0712-4B80-836F-EE1F7AC8A9CE}
		{F3F30440-00AD-4B2F-B058-FA130ACF2B27} = {CFD1D87D-0F66-4E27-8815-243E236C6A53}
		{210B10EF-1AAA-42C2-9E85-1D82F893A7F5} = {F3F30440-00AD-4B2F-B058-FA130ACF2B27}
		{B3DCB4B4-2566-4733-9BCF-6C2C0D2DDF87} = {ECFFE9F9-36A7-451E-A9E0-4C65C60FE1D3}
		{E7B6D34C-C61C-4A30-9B95-370D8F776527} = {B3DCB4B4-2566-4733-9BCF-6C2C0D2DDF87}
		{16FD190F-27A9-4DA4-9CF1-7DDDB51DB3FA} = {B3DCB4B4-2566-4733-9BCF-6C2C0D2DDF87}
		{251DC770-3A17-4B71-905F-77440930FB1C} = {B3DCB4B4-2566-4733-9BCF-6C2C0D2DDF87}
		{CC8EDB4E-11C5-492B-9F84-B1992308115A} = {B3DCB4B4-2566-4733-9BCF-6C2C0D2DDF87}
		{0C06C542-4317-4BC6-AAC8-C9608C5BBB34} = {CFD1D87D-0F66-4E27-8815-243E236C6A53}
		{F55893B7-76C8-4490-BDEE-D344F4801E31} = {0C06C542-4317-4BC6-AAC8-C9608C5BBB34}
		{6EB7EBD5-B7A0-4661-BE4F-BE08D27CDB4C} = {ECFFE9F9-36A7-451E-A9E0-4C65C60FE1D3}
		{4086D581-8A4C-46F6-AF7A-4D653380FCB1} = {6EB7EBD5-B7A0-4661-BE4F-BE08D27CDB4C}
		{7E16D0A7-99B4-478E-8E12-DB2CDB6BADB9} = {6EB7EBD5-B7A0-4661-BE4F-BE08D27CDB4C}
		{DED0DB88-544E-41F6-B58D-98C16D3360C3} = {6EB7EBD5-B7A0-4661-BE4F-BE08D27CDB4C}
		{210BB73C-0512-468F-B2B0-4BDC19CD7818} = {6EB7EBD5-B7A0-4661-BE4F-BE08D27CDB4C}
	EndGlobalSection
EndGlobal
