
Microsoft Visual Studio Solution File, Format Version 12.00
# Visual Studio Version 17
VisualStudioVersion = 17.0.31903.59
MinimumVisualStudioVersion = 10.0.40219.1
Project("{FAE04EC0-301F-11D3-BF4B-00C04F79EFBC}") = "Audit.Domain", "Audit.Domain\Audit.Domain.csproj", "{2532C828-34AC-488A-85A5-7BDA3659FAFF}"
EndProject
Project("{FAE04EC0-301F-11D3-BF4B-00C04F79EFBC}") = "Audit.Application", "Audit.Application\Audit.Application.csproj", "{46DB6A04-1094-47F8-BE75-56956CC60B95}"
EndProject
Project("{FAE04EC0-301F-11D3-BF4B-00C04F79EFBC}") = "Audit.Infrastructure", "Audit.Infrastructure\Audit.Infrastructure.csproj", "{0F6492A9-36EF-4B64-BBFA-F85DB50E46F4}"
EndProject
Project("{FAE04EC0-301F-11D3-BF4B-00C04F79EFBC}") = "Audit.Api", "Audit.Api\Audit.Api.csproj", "{5B132EA0-4481-4FF3-8CC8-DE40F306579A}"
EndProject
Project("{FAE04EC0-301F-11D3-BF4B-00C04F79EFBC}") = "Audit.Application.Tests", "..\..\tests\Audit\Audit.Application.Tests\Audit.Application.Tests.csproj", "{EE730431-B863-4F9C-8C96-2DBD2A49B88B}"
EndProject
Global
	GlobalSection(SolutionConfigurationPlatforms) = preSolution
		Debug|Any CPU = Debug|Any CPU
		Release|Any CPU = Release|Any CPU
	EndGlobalSection
	GlobalSection(SolutionProperties) = preSolution
		HideSolutionNode = FALSE
	EndGlobalSection
	GlobalSection(ProjectConfigurationPlatforms) = postSolution
		{2532C828-34AC-488A-85A5-7BDA3659FAFF}.Debug|Any CPU.ActiveCfg = Debug|Any CPU
		{2532C828-34AC-488A-85A5-7BDA3659FAFF}.Debug|Any CPU.Build.0 = Debug|Any CPU
		{2532C828-34AC-488A-85A5-7BDA3659FAFF}.Release|Any CPU.ActiveCfg = Release|Any CPU
		{2532C828-34AC-488A-85A5-7BDA3659FAFF}.Release|Any CPU.Build.0 = Release|Any CPU
		{46DB6A04-1094-47F8-BE75-56956CC60B95}.Debug|Any CPU.ActiveCfg = Debug|Any CPU
		{46DB6A04-1094-47F8-BE75-56956CC60B95}.Debug|Any CPU.Build.0 = Debug|Any CPU
		{46DB6A04-1094-47F8-BE75-56956CC60B95}.Release|Any CPU.ActiveCfg = Release|Any CPU
		{46DB6A04-1094-47F8-BE75-56956CC60B95}.Release|Any CPU.Build.0 = Release|Any CPU
		{0F6492A9-36EF-4B64-BBFA-F85DB50E46F4}.Debug|Any CPU.ActiveCfg = Debug|Any CPU
		{0F6492A9-36EF-4B64-BBFA-F85DB50E46F4}.Debug|Any CPU.Build.0 = Debug|Any CPU
		{0F6492A9-36EF-4B64-BBFA-F85DB50E46F4}.Release|Any CPU.ActiveCfg = Release|Any CPU
		{0F6492A9-36EF-4B64-BBFA-F85DB50E46F4}.Release|Any CPU.Build.0 = Release|Any CPU
		{5B132EA0-4481-4FF3-8CC8-DE40F306579A}.Debug|Any CPU.ActiveCfg = Debug|Any CPU
		{5B132EA0-4481-4FF3-8CC8-DE40F306579A}.Debug|Any CPU.Build.0 = Debug|Any CPU
		{5B132EA0-4481-4FF3-8CC8-DE40F306579A}.Release|Any CPU.ActiveCfg = Release|Any CPU
		{5B132EA0-4481-4FF3-8CC8-DE40F306579A}.Release|Any CPU.Build.0 = Release|Any CPU
		{EE730431-B863-4F9C-8C96-2DBD2A49B88B}.Debug|Any CPU.ActiveCfg = Debug|Any CPU
		{EE730431-B863-4F9C-8C96-2DBD2A49B88B}.Debug|Any CPU.Build.0 = Debug|Any CPU
		{EE730431-B863-4F9C-8C96-2DBD2A49B88B}.Release|Any CPU.ActiveCfg = Release|Any CPU
		{EE730431-B863-4F9C-8C96-2DBD2A49B88B}.Release|Any CPU.Build.0 = Release|Any CPU
	EndGlobalSection
EndGlobal
